
Microsoft Visual Studio Solution File, Format Version 12.00
# Visual Studio Version 16
VisualStudioVersion = 16.0.810.4
MinimumVisualStudioVersion = 10.0.40219.1
Project("{FAE04EC0-301F-11D3-BF4B-00C04F79EFBC}") = "GourmetPizza", "GourmetPizza.csproj", "{40E469E3-9E30-4ABA-80A1-C374030E274B}"
EndProject
Global
	GlobalSection(SolutionConfigurationPlatforms) = preSolution
		Debug|Any CPU = Debug|Any CPU
		Release|Any CPU = Release|Any CPU
	EndGlobalSection
	GlobalSection(ProjectConfigurationPlatforms) = postSolution
		{40E469E3-9E30-4ABA-80A1-C374030E274B}.Debug|Any CPU.ActiveCfg = Debug|Any CPU
		{40E469E3-9E30-4ABA-80A1-C374030E274B}.Debug|Any CPU.Build.0 = Debug|Any CPU
		{40E469E3-9E30-4ABA-80A1-C374030E274B}.Release|Any CPU.ActiveCfg = Release|Any CPU
		{40E469E3-9E30-4ABA-80A1-C374030E274B}.Release|Any CPU.Build.0 = Release|Any CPU
	EndGlobalSection
	GlobalSection(SolutionProperties) = preSolution
		HideSolutionNode = FALSE
	EndGlobalSection
	GlobalSection(ExtensibilityGlobals) = postSolution
		SolutionGuid = {6EEEDB9F-1BEA-402C-B278-A9E5E4FC7D99}
	EndGlobalSection
EndGlobal
